# This file is automatically @generated by Cargo.
# It is not intended for manual editing.
version = 4

[[package]]
name = "terrakit-algorithms"
version = "0.0.2"
dependencies = [
 "terrakit-core",
]

[[package]]
name = "terrakit-builtins"
version = "0.0.2"
dependencies = [
 "terrakit-algorithms",
 "terrakit-core",
 "terrakit-pipeline",
 "terrakit-runtime",
]

[[package]]
name = "terrakit-c-api"
version = "0.0.2"
dependencies = [
 "terrakit-builtins",
 "terrakit-core",
 "terrakit-pipeline",
 "terrakit-runtime",
]

[[package]]
name = "terrakit-console"
version = "0.0.2"
dependencies = [
 "terrakit-algorithms",
 "terrakit-builtins",
 "terrakit-core",
 "terrakit-pipeline",
 "terrakit-runtime",
]

[[package]]
name = "terrakit-core"
version = "0.0.2"

[[package]]
name = "terrakit-pipeline"
version = "0.0.2"
dependencies = [
 "terrakit-core",
]

[[package]]
name = "terrakit-runtime"
version = "0.0.2"
dependencies = [
 "terrakit-core",
 "terrakit-pipeline",
]

[[package]]
name = "terrakit-xtask"
version = "0.0.2"
